<?xml version="1.0" encoding="utf-8"?>
<Project ToolsVersion="4.0" xmlns="http://schemas.microsoft.com/developer/msbuild/2003">
  <ItemGroup>
    <Filter Include="Zdrojové soubory">
      <UniqueIdentifier>{4FC737F1-C7A5-4376-A066-2A32D752A2FF}</UniqueIdentifier>
      <Extensions>cpp;c;cc;cxx;c++;cppm;ixx;def;odl;idl;hpj;bat;asm;asmx</Extensions>
    </Filter>
    <Filter Include="Hlavičkové soubory">
      <UniqueIdentifier>{93995380-89BD-4b04-88EB-625FBE52EBFB}</UniqueIdentifier>
      <Extensions>h;hh;hpp;hxx;h++;hm;inl;inc;ipp;xsd</Extensions>
    </Filter>
    <Filter Include="Soubory zdrojů">
      <UniqueIdentifier>{67DA6AB6-F800-4c08-8B7A-83BB121AAD01}</UniqueIdentifier>
      <Extensions>rc;ico;cur;bmp;dlg;rc2;rct;bin;rgs;gif;jpg;jpeg;jpe;resx;tiff;tif;png;wav;mfcribbon-ms</Extensions>
    </Filter>
    <Filter Include="Zdrojové soubory\Loaders">
      <UniqueIdentifier>{486452da-c729-45cc-b801-f9293fd2a18d}</UniqueIdentifier>
    </Filter>
    <Filter Include="Hlavičkové soubory\Loaders">
      <UniqueIdentifier>{4473a9b0-6558-46a0-83dd-bf7c09a8b045}</UniqueIdentifier>
    </Filter>
    <Filter Include="Hlavičkové soubory\Lights">
      <UniqueIdentifier>{8858e9f0-e016-47fa-a14d-b919168f272f}</UniqueIdentifier>
    </Filter>
    <Filter Include="Hlavičkové soubory\Scenes">
      <UniqueIdentifier>{cf459cc1-6dfa-4667-89f6-b12775a35337}</UniqueIdentifier>
    </Filter>
    <Filter Include="Zdrojové soubory\Scenes">
      <UniqueIdentifier>{53dd9c2a-147f-403c-806c-dcc603cd4f81}</UniqueIdentifier>
    </Filter>
  </ItemGroup>
  <ItemGroup>
    <ClCompile Include="Cvičení.cpp">
      <Filter>Zdrojové soubory</Filter>
    </ClCompile>
    <ClCompile Include="App.cpp">
      <Filter>Zdrojové soubory</Filter>
    </ClCompile>
    <ClCompile Include="FrameCounter.cpp">
      <Filter>Zdrojové soubory</Filter>
    </ClCompile>
    <ClCompile Include="Window.cpp">
      <Filter>Zdrojové soubory</Filter>
    </ClCompile>
    <ClCompile Include="Shader.cpp">
      <Filter>Zdrojové soubory</Filter>
    </ClCompile>
    <ClCompile Include="Mesh.cpp">
      <Filter>Zdrojové soubory</Filter>
    </ClCompile>
    <ClCompile Include="StringUtils.cpp">
      <Filter>Zdrojové soubory</Filter>
    </ClCompile>
    <ClCompile Include="Camera.cpp">
      <Filter>Zdrojové soubory</Filter>
    </ClCompile>
    <ClCompile Include="Logger.cpp">
      <Filter>Zdrojové soubory</Filter>
    </ClCompile>
    <ClCompile Include="OBJLoader.cpp">
      <Filter>Zdrojové soubory\Loaders</Filter>
    </ClCompile>
    <ClCompile Include="Model.cpp">
      <Filter>Zdrojové soubory</Filter>
    </ClCompile>
    <ClCompile Include="LightSystem.cpp">
      <Filter>Zdrojové soubory</Filter>
    </ClCompile>
    <ClCompile Include="MainMenu.cpp">
      <Filter>Zdrojové soubory\Scenes</Filter>
    </ClCompile>
    <ClCompile Include="DebugOutputManager.cpp">
      <Filter>Zdrojové soubory</Filter>
    </ClCompile>
    <ClCompile Include="Tutorial.cpp">
      <Filter>Zdrojové soubory\Scenes</Filter>
    </ClCompile>
  </ItemGroup>
  <ItemGroup>
    <ClInclude Include="App.h">
      <Filter>Hlavičkové soubory</Filter>
    </ClInclude>
    <ClInclude Include="FrameCounter.h">
      <Filter>Hlavičkové soubory</Filter>
    </ClInclude>
    <ClInclude Include="DebugOutputManager.h">
      <Filter>Hlavičkové soubory</Filter>
    </ClInclude>
    <ClInclude Include="Window.h">
      <Filter>Hlavičkové soubory</Filter>
    </ClInclude>
    <ClInclude Include="Shader.h">
      <Filter>Hlavičkové soubory</Filter>
    </ClInclude>
    <ClInclude Include="Vertex.h">
      <Filter>Hlavičkové soubory</Filter>
    </ClInclude>
    <ClInclude Include="Mesh.h">
      <Filter>Hlavičkové soubory</Filter>
    </ClInclude>
    <ClInclude Include="StringUtils.h">
      <Filter>Hlavičkové soubory</Filter>
    </ClInclude>
    <ClInclude Include="Camera.h">
      <Filter>Hlavičkové soubory</Filter>
    </ClInclude>
    <ClInclude Include="Logger.h">
      <Filter>Hlavičkové soubory</Filter>
    </ClInclude>
    <ClInclude Include="OBJLoader.h">
      <Filter>Hlavičkové soubory\Loaders</Filter>
    </ClInclude>
    <ClInclude Include="Model.h">
      <Filter>Hlavičkové soubory</Filter>
    </ClInclude>
    <ClInclude Include="Model.h">
      <Filter>Hlavičkové soubory</Filter>
    </ClInclude>
    <ClInclude Include="Material.h">
      <Filter>Hlavičkové soubory\Loaders</Filter>
    </ClInclude>
    <ClInclude Include="MainMenu.h">
      <Filter>Hlavičkové soubory\Scenes</Filter>
    </ClInclude>
    <ClInclude Include="PointLight.h">
      <Filter>Hlavičkové soubory\Lights</Filter>
    </ClInclude>
    <ClInclude Include="SpotLight.h">
      <Filter>Hlavičkové soubory\Lights</Filter>
    </ClInclude>
    <ClInclude Include="AmbientLight.h">
      <Filter>Hlavičkové soubory\Lights</Filter>
    </ClInclude>
    <ClInclude Include="DirectionalLight.h">
      <Filter>Hlavičkové soubory\Lights</Filter>
    </ClInclude>
    <ClInclude Include="LightSystem.h">
      <Filter>Hlavičkové soubory\Lights</Filter>
    </ClInclude>
    <ClInclude Include="Scenes.h">
      <Filter>Hlavičkové soubory</Filter>
    </ClInclude>
    <ClInclude Include="Tutorial.h">
      <Filter>Hlavičkové soubory\Scenes</Filter>
    </ClInclude>
  </ItemGroup>
  <ItemGroup>
    <ResourceCompile Include="Cvičení.rc">
      <Filter>Soubory zdrojů</Filter>
    </ResourceCompile>
  </ItemGroup>
  <ItemGroup>
    <None Include="packages.config" />
  </ItemGroup>
</Project>